
Microsoft Visual Studio Solution File, Format Version 12.00
# Visual Studio Version 17
VisualStudioVersion = 17.3.32901.215
MinimumVisualStudioVersion = 10.0.40219.1
Project("{2150E333-8FDC-42A3-9474-1A3956D46DE8}") = "00-Tests", "00-Tests", "{DBB87A54-B4DA-4EA3-9EA3-0B91E60A03C0}"
EndProject
Project("{2150E333-8FDC-42A3-9474-1A3956D46DE8}") = "01-Presentation", "01-Presentation", "{530848E4-0C0E-4CA4-96AE-CA6247B5E576}"
EndProject
Project("{2150E333-8FDC-42A3-9474-1A3956D46DE8}") = "02-Solution", "02-Solution", "{BF76C6D7-419F-4CC2-902B-D4FC96208F0B}"
EndProject
Project("{2150E333-8FDC-42A3-9474-1A3956D46DE8}") = "03-Domain", "03-Domain", "{ABD89201-A3F9-4DF7-B370-6021797EA4D8}"
EndProject
Project("{2150E333-8FDC-42A3-9474-1A3956D46DE8}") = "04-Infra", "04-Infra", "{5654FA78-469E-405E-A9C2-ED8D42C0F092}"
EndProject
Project("{2150E333-8FDC-42A3-9474-1A3956D46DE8}") = "04-01.Database", "04-01.Database", "{698EAE25-3BD5-43F0-91CD-BB92F21D689F}"
EndProject
Project("{2150E333-8FDC-42A3-9474-1A3956D46DE8}") = "04-02.Data", "04-02.Data", "{B11FE8D6-D6A9-4B8F-92F5-37A09D8DB65F}"
EndProject
Project("{2150E333-8FDC-42A3-9474-1A3956D46DE8}") = "05.CrossCutting", "05.CrossCutting", "{F2EDF59B-9079-4123-9858-F69835175C20}"
EndProject
Project("{2150E333-8FDC-42A3-9474-1A3956D46DE8}") = "05-01.Ioc", "05-01.Ioc", "{B3656C73-D970-4C98-9457-97FAE5195FF1}"
EndProject
Project("{2150E333-8FDC-42A3-9474-1A3956D46DE8}") = "05-02.Util", "05-02.Util", "{C5982963-091A-4C4E-80B7-38FF6E33DF1D}"
EndProject
Project("{2150E333-8FDC-42A3-9474-1A3956D46DE8}") = "04-03.Auth", "04-03.Auth", "{79204DB2-4619-4A9E-8888-34DA9F4761CE}"
EndProject
Project("{9A19103F-16F7-4668-BE54-9A1E7A4F7556}") = "Estetica.Tests", "tests\Estetica.Tests\Estetica.Tests.csproj", "{3CBADAD7-C771-445C-B881-B1FE0F435AA8}"
EndProject
Project("{9A19103F-16F7-4668-BE54-9A1E7A4F7556}") = "Estetica.Api", "src\Estetica.Api\Estetica.Api.csproj", "{1AA4169C-88BA-4DA9-B7F3-BFABF64B8F6A}"
EndProject
Project("{9A19103F-16F7-4668-BE54-9A1E7A4F7556}") = "Estetica.Service", "src\Estetica.Service\Estetica.Service.csproj", "{22539C18-E853-413C-8DAD-18B68B2FD9D6}"
EndProject
Project("{9A19103F-16F7-4668-BE54-9A1E7A4F7556}") = "Estetica.Domain", "src\Estetica.Domain\Estetica.Domain.csproj", "{F5E41C99-275E-4E72-BA84-33AC96871B5A}"
EndProject
Project("{9A19103F-16F7-4668-BE54-9A1E7A4F7556}") = "Estetica.Infra.Database", "src\Estetica.Infra.Database\Estetica.Infra.Database.csproj", "{6FF38229-75C6-4555-A1B2-79784CE46529}"
EndProject
Project("{9A19103F-16F7-4668-BE54-9A1E7A4F7556}") = "Estetica.Infra.Data", "src\Estetica.Infra.Data\Estetica.Infra.Data.csproj", "{9F2B6CD4-7323-4D8A-A36B-FDC226F33BFC}"
EndProject
Project("{9A19103F-16F7-4668-BE54-9A1E7A4F7556}") = "Estetica.Infra.Auth", "src\Estetica.Infra.Auth\Estetica.Infra.Auth.csproj", "{728F79EC-07C4-40DA-B7CD-A609728DD10D}"
EndProject
Project("{9A19103F-16F7-4668-BE54-9A1E7A4F7556}") = "Estetica.CrossCutting.Ioc", "src\Estetica.CrossCutting.Ioc\Estetica.CrossCutting.Ioc.csproj", "{6DD97096-A18C-4170-A5EC-53CA25A3BEDB}"
EndProject
Project("{9A19103F-16F7-4668-BE54-9A1E7A4F7556}") = "Estetica.CrossCutting.Util", "src\Estetica.CrossCutting.Util\Estetica.CrossCutting.Util.csproj", "{3BEF450D-77DC-4811-9CC2-606E77162E59}"
EndProject
Project("{E53339B2-1760-4266-BCC7-CA923CBCF16C}") = "docker-compose", "docker-compose.dcproj", "{01E2DE41-E68E-433E-8376-46F94FDC2A87}"
EndProject
Global
	GlobalSection(SolutionConfigurationPlatforms) = preSolution
		Debug|Any CPU = Debug|Any CPU
		Release|Any CPU = Release|Any CPU
	EndGlobalSection
	GlobalSection(ProjectConfigurationPlatforms) = postSolution
		{3CBADAD7-C771-445C-B881-B1FE0F435AA8}.Debug|Any CPU.ActiveCfg = Debug|Any CPU
		{3CBADAD7-C771-445C-B881-B1FE0F435AA8}.Debug|Any CPU.Build.0 = Debug|Any CPU
		{3CBADAD7-C771-445C-B881-B1FE0F435AA8}.Release|Any CPU.ActiveCfg = Release|Any CPU
		{3CBADAD7-C771-445C-B881-B1FE0F435AA8}.Release|Any CPU.Build.0 = Release|Any CPU
		{1AA4169C-88BA-4DA9-B7F3-BFABF64B8F6A}.Debug|Any CPU.ActiveCfg = Debug|Any CPU
		{1AA4169C-88BA-4DA9-B7F3-BFABF64B8F6A}.Debug|Any CPU.Build.0 = Debug|Any CPU
		{1AA4169C-88BA-4DA9-B7F3-BFABF64B8F6A}.Release|Any CPU.ActiveCfg = Release|Any CPU
		{1AA4169C-88BA-4DA9-B7F3-BFABF64B8F6A}.Release|Any CPU.Build.0 = Release|Any CPU
		{22539C18-E853-413C-8DAD-18B68B2FD9D6}.Debug|Any CPU.ActiveCfg = Debug|Any CPU
		{22539C18-E853-413C-8DAD-18B68B2FD9D6}.Debug|Any CPU.Build.0 = Debug|Any CPU
		{22539C18-E853-413C-8DAD-18B68B2FD9D6}.Release|Any CPU.ActiveCfg = Release|Any CPU
		{22539C18-E853-413C-8DAD-18B68B2FD9D6}.Release|Any CPU.Build.0 = Release|Any CPU
		{F5E41C99-275E-4E72-BA84-33AC96871B5A}.Debug|Any CPU.ActiveCfg = Debug|Any CPU
		{F5E41C99-275E-4E72-BA84-33AC96871B5A}.Debug|Any CPU.Build.0 = Debug|Any CPU
		{F5E41C99-275E-4E72-BA84-33AC96871B5A}.Release|Any CPU.ActiveCfg = Release|Any CPU
		{F5E41C99-275E-4E72-BA84-33AC96871B5A}.Release|Any CPU.Build.0 = Release|Any CPU
		{6FF38229-75C6-4555-A1B2-79784CE46529}.Debug|Any CPU.ActiveCfg = Debug|Any CPU
		{6FF38229-75C6-4555-A1B2-79784CE46529}.Debug|Any CPU.Build.0 = Debug|Any CPU
		{6FF38229-75C6-4555-A1B2-79784CE46529}.Release|Any CPU.ActiveCfg = Release|Any CPU
		{6FF38229-75C6-4555-A1B2-79784CE46529}.Release|Any CPU.Build.0 = Release|Any CPU
		{9F2B6CD4-7323-4D8A-A36B-FDC226F33BFC}.Debug|Any CPU.ActiveCfg = Debug|Any CPU
		{9F2B6CD4-7323-4D8A-A36B-FDC226F33BFC}.Debug|Any CPU.Build.0 = Debug|Any CPU
		{9F2B6CD4-7323-4D8A-A36B-FDC226F33BFC}.Release|Any CPU.ActiveCfg = Release|Any CPU
		{9F2B6CD4-7323-4D8A-A36B-FDC226F33BFC}.Release|Any CPU.Build.0 = Release|Any CPU
		{728F79EC-07C4-40DA-B7CD-A609728DD10D}.Debug|Any CPU.ActiveCfg = Debug|Any CPU
		{728F79EC-07C4-40DA-B7CD-A609728DD10D}.Debug|Any CPU.Build.0 = Debug|Any CPU
		{728F79EC-07C4-40DA-B7CD-A609728DD10D}.Release|Any CPU.ActiveCfg = Release|Any CPU
		{728F79EC-07C4-40DA-B7CD-A609728DD10D}.Release|Any CPU.Build.0 = Release|Any CPU
		{6DD97096-A18C-4170-A5EC-53CA25A3BEDB}.Debug|Any CPU.ActiveCfg = Debug|Any CPU
		{6DD97096-A18C-4170-A5EC-53CA25A3BEDB}.Debug|Any CPU.Build.0 = Debug|Any CPU
		{6DD97096-A18C-4170-A5EC-53CA25A3BEDB}.Release|Any CPU.ActiveCfg = Release|Any CPU
		{6DD97096-A18C-4170-A5EC-53CA25A3BEDB}.Release|Any CPU.Build.0 = Release|Any CPU
		{3BEF450D-77DC-4811-9CC2-606E77162E59}.Debug|Any CPU.ActiveCfg = Debug|Any CPU
		{3BEF450D-77DC-4811-9CC2-606E77162E59}.Debug|Any CPU.Build.0 = Debug|Any CPU
		{3BEF450D-77DC-4811-9CC2-606E77162E59}.Release|Any CPU.ActiveCfg = Release|Any CPU
		{3BEF450D-77DC-4811-9CC2-606E77162E59}.Release|Any CPU.Build.0 = Release|Any CPU
		{01E2DE41-E68E-433E-8376-46F94FDC2A87}.Debug|Any CPU.ActiveCfg = Debug|Any CPU
		{01E2DE41-E68E-433E-8376-46F94FDC2A87}.Debug|Any CPU.Build.0 = Debug|Any CPU
		{01E2DE41-E68E-433E-8376-46F94FDC2A87}.Release|Any CPU.ActiveCfg = Release|Any CPU
		{01E2DE41-E68E-433E-8376-46F94FDC2A87}.Release|Any CPU.Build.0 = Release|Any CPU
	EndGlobalSection
	GlobalSection(SolutionProperties) = preSolution
		HideSolutionNode = FALSE
	EndGlobalSection
	GlobalSection(NestedProjects) = preSolution
		{698EAE25-3BD5-43F0-91CD-BB92F21D689F} = {5654FA78-469E-405E-A9C2-ED8D42C0F092}
		{B11FE8D6-D6A9-4B8F-92F5-37A09D8DB65F} = {5654FA78-469E-405E-A9C2-ED8D42C0F092}
		{B3656C73-D970-4C98-9457-97FAE5195FF1} = {F2EDF59B-9079-4123-9858-F69835175C20}
		{C5982963-091A-4C4E-80B7-38FF6E33DF1D} = {F2EDF59B-9079-4123-9858-F69835175C20}
		{79204DB2-4619-4A9E-8888-34DA9F4761CE} = {5654FA78-469E-405E-A9C2-ED8D42C0F092}
		{3CBADAD7-C771-445C-B881-B1FE0F435AA8} = {DBB87A54-B4DA-4EA3-9EA3-0B91E60A03C0}
		{1AA4169C-88BA-4DA9-B7F3-BFABF64B8F6A} = {530848E4-0C0E-4CA4-96AE-CA6247B5E576}
		{22539C18-E853-413C-8DAD-18B68B2FD9D6} = {BF76C6D7-419F-4CC2-902B-D4FC96208F0B}
		{F5E41C99-275E-4E72-BA84-33AC96871B5A} = {ABD89201-A3F9-4DF7-B370-6021797EA4D8}
		{6FF38229-75C6-4555-A1B2-79784CE46529} = {698EAE25-3BD5-43F0-91CD-BB92F21D689F}
		{9F2B6CD4-7323-4D8A-A36B-FDC226F33BFC} = {B11FE8D6-D6A9-4B8F-92F5-37A09D8DB65F}
		{728F79EC-07C4-40DA-B7CD-A609728DD10D} = {79204DB2-4619-4A9E-8888-34DA9F4761CE}
		{6DD97096-A18C-4170-A5EC-53CA25A3BEDB} = {B3656C73-D970-4C98-9457-97FAE5195FF1}
		{3BEF450D-77DC-4811-9CC2-606E77162E59} = {C5982963-091A-4C4E-80B7-38FF6E33DF1D}
	EndGlobalSection
	GlobalSection(ExtensibilityGlobals) = postSolution
		SolutionGuid = {17B99B0F-57DA-4760-980B-26C6121ED0EE}
	EndGlobalSection
EndGlobal
