
Microsoft Visual Studio Solution File, Format Version 12.00
# Visual Studio Version 17
VisualStudioVersion = 17.3.32901.215
MinimumVisualStudioVersion = 10.0.40219.1
Project("{2150E333-8FDC-42A3-9474-1A3956D46DE8}") = "00-Tests", "00-Tests", "{DBB87A54-B4DA-4EA3-9EA3-0B91E60A03C0}"
EndProject
Project("{2150E333-8FDC-42A3-9474-1A3956D46DE8}") = "01-Presentation", "01-Presentation", "{530848E4-0C0E-4CA4-96AE-CA6247B5E576}"
EndProject
Project("{2150E333-8FDC-42A3-9474-1A3956D46DE8}") = "02-Solution", "02-Solution", "{BF76C6D7-419F-4CC2-902B-D4FC96208F0B}"
EndProject
Project("{2150E333-8FDC-42A3-9474-1A3956D46DE8}") = "03-Domain", "03-Domain", "{ABD89201-A3F9-4DF7-B370-6021797EA4D8}"
EndProject
Project("{2150E333-8FDC-42A3-9474-1A3956D46DE8}") = "04-Infra", "04-Infra", "{5654FA78-469E-405E-A9C2-ED8D42C0F092}"
EndProject
Project("{2150E333-8FDC-42A3-9474-1A3956D46DE8}") = "04-01.Database", "04-01.Database", "{698EAE25-3BD5-43F0-91CD-BB92F21D689F}"
EndProject
Project("{2150E333-8FDC-42A3-9474-1A3956D46DE8}") = "04-02.Data", "04-02.Data", "{B11FE8D6-D6A9-4B8F-92F5-37A09D8DB65F}"
EndProject
Project("{9A19103F-16F7-4668-BE54-9A1E7A4F7556}") = "VendaFacil.Api", "src\VendaFacil.Api\VendaFacil.Api.csproj", "{41EDEE49-4470-43E3-8EFB-C7F0C3EE6DF7}"
EndProject
Project("{9A19103F-16F7-4668-BE54-9A1E7A4F7556}") = "VendaFacil.Service", "src\VendaFacil.Service\VendaFacil.Service.csproj", "{84E93AEE-117D-4DBB-B836-24E2CD1FD970}"
EndProject
Project("{9A19103F-16F7-4668-BE54-9A1E7A4F7556}") = "VendaFacil.Domain", "src\VendaFacil.Domain\VendaFacil.Domain.csproj", "{C7DC61EE-4B41-49B9-A132-91E13DF0745F}"
EndProject
Project("{9A19103F-16F7-4668-BE54-9A1E7A4F7556}") = "VendaFacil.Infra.Database", "src\VendaFacil.Infra.Database\VendaFacil.Infra.Database.csproj", "{61EB9054-6B2C-4C31-BF89-13248CE62D5A}"
EndProject
Project("{9A19103F-16F7-4668-BE54-9A1E7A4F7556}") = "VendaFacil.Infra.Data", "src\VendaFacil.Infra.Data\VendaFacil.Infra.Data.csproj", "{3724F80A-72A9-4337-8F4C-3182E2B10C26}"
EndProject
Project("{2150E333-8FDC-42A3-9474-1A3956D46DE8}") = "05.CrossCutting", "05.CrossCutting", "{F2EDF59B-9079-4123-9858-F69835175C20}"
EndProject
Project("{2150E333-8FDC-42A3-9474-1A3956D46DE8}") = "05-01.Ioc", "05-01.Ioc", "{B3656C73-D970-4C98-9457-97FAE5195FF1}"
EndProject
Project("{9A19103F-16F7-4668-BE54-9A1E7A4F7556}") = "VendaFacil.CrossCutting.Ioc", "src\VendaFacil.CrossCutting.Ioc\VendaFacil.CrossCutting.Ioc.csproj", "{448D83B2-5E0C-4941-897C-7C607A7B2214}"
EndProject
Project("{2150E333-8FDC-42A3-9474-1A3956D46DE8}") = "05-02.Util", "05-02.Util", "{C5982963-091A-4C4E-80B7-38FF6E33DF1D}"
EndProject
Project("{9A19103F-16F7-4668-BE54-9A1E7A4F7556}") = "VendaFacil.CrossCutting.Util", "src\VendaFacil.CrossCutting.Util\VendaFacil.CrossCutting.Util.csproj", "{5AB621E6-4B5E-4F7D-9F3D-8F3B30B9FFBB}"
EndProject
Project("{9A19103F-16F7-4668-BE54-9A1E7A4F7556}") = "VendaFacil.Tests", "tests\VendaFacil.Tests\VendaFacil.Tests.csproj", "{C61C6BBD-66AE-4288-8378-3B8A431B8FAA}"
EndProject
Project("{2150E333-8FDC-42A3-9474-1A3956D46DE8}") = "04-03.Auth", "04-03.Auth", "{79204DB2-4619-4A9E-8888-34DA9F4761CE}"
EndProject
Project("{FAE04EC0-301F-11D3-BF4B-00C04F79EFBC}") = "VendaFacil.Infra.Auth", "src\VendaFacil.Infra.Auth\VendaFacil.Infra.Auth.csproj", "{0F65AB37-3987-4A71-9D7E-0DAF52D272EB}"
EndProject
Global
	GlobalSection(SolutionConfigurationPlatforms) = preSolution
		Debug|Any CPU = Debug|Any CPU
		Release|Any CPU = Release|Any CPU
	EndGlobalSection
	GlobalSection(ProjectConfigurationPlatforms) = postSolution
		{41EDEE49-4470-43E3-8EFB-C7F0C3EE6DF7}.Debug|Any CPU.ActiveCfg = Debug|Any CPU
		{41EDEE49-4470-43E3-8EFB-C7F0C3EE6DF7}.Debug|Any CPU.Build.0 = Debug|Any CPU
		{41EDEE49-4470-43E3-8EFB-C7F0C3EE6DF7}.Release|Any CPU.ActiveCfg = Release|Any CPU
		{41EDEE49-4470-43E3-8EFB-C7F0C3EE6DF7}.Release|Any CPU.Build.0 = Release|Any CPU
		{84E93AEE-117D-4DBB-B836-24E2CD1FD970}.Debug|Any CPU.ActiveCfg = Debug|Any CPU
		{84E93AEE-117D-4DBB-B836-24E2CD1FD970}.Debug|Any CPU.Build.0 = Debug|Any CPU
		{84E93AEE-117D-4DBB-B836-24E2CD1FD970}.Release|Any CPU.ActiveCfg = Release|Any CPU
		{84E93AEE-117D-4DBB-B836-24E2CD1FD970}.Release|Any CPU.Build.0 = Release|Any CPU
		{C7DC61EE-4B41-49B9-A132-91E13DF0745F}.Debug|Any CPU.ActiveCfg = Debug|Any CPU
		{C7DC61EE-4B41-49B9-A132-91E13DF0745F}.Debug|Any CPU.Build.0 = Debug|Any CPU
		{C7DC61EE-4B41-49B9-A132-91E13DF0745F}.Release|Any CPU.ActiveCfg = Release|Any CPU
		{C7DC61EE-4B41-49B9-A132-91E13DF0745F}.Release|Any CPU.Build.0 = Release|Any CPU
		{61EB9054-6B2C-4C31-BF89-13248CE62D5A}.Debug|Any CPU.ActiveCfg = Debug|Any CPU
		{61EB9054-6B2C-4C31-BF89-13248CE62D5A}.Debug|Any CPU.Build.0 = Debug|Any CPU
		{61EB9054-6B2C-4C31-BF89-13248CE62D5A}.Release|Any CPU.ActiveCfg = Release|Any CPU
		{61EB9054-6B2C-4C31-BF89-13248CE62D5A}.Release|Any CPU.Build.0 = Release|Any CPU
		{3724F80A-72A9-4337-8F4C-3182E2B10C26}.Debug|Any CPU.ActiveCfg = Debug|Any CPU
		{3724F80A-72A9-4337-8F4C-3182E2B10C26}.Debug|Any CPU.Build.0 = Debug|Any CPU
		{3724F80A-72A9-4337-8F4C-3182E2B10C26}.Release|Any CPU.ActiveCfg = Release|Any CPU
		{3724F80A-72A9-4337-8F4C-3182E2B10C26}.Release|Any CPU.Build.0 = Release|Any CPU
		{448D83B2-5E0C-4941-897C-7C607A7B2214}.Debug|Any CPU.ActiveCfg = Debug|Any CPU
		{448D83B2-5E0C-4941-897C-7C607A7B2214}.Debug|Any CPU.Build.0 = Debug|Any CPU
		{448D83B2-5E0C-4941-897C-7C607A7B2214}.Release|Any CPU.ActiveCfg = Release|Any CPU
		{448D83B2-5E0C-4941-897C-7C607A7B2214}.Release|Any CPU.Build.0 = Release|Any CPU
		{5AB621E6-4B5E-4F7D-9F3D-8F3B30B9FFBB}.Debug|Any CPU.ActiveCfg = Debug|Any CPU
		{5AB621E6-4B5E-4F7D-9F3D-8F3B30B9FFBB}.Debug|Any CPU.Build.0 = Debug|Any CPU
		{5AB621E6-4B5E-4F7D-9F3D-8F3B30B9FFBB}.Release|Any CPU.ActiveCfg = Release|Any CPU
		{5AB621E6-4B5E-4F7D-9F3D-8F3B30B9FFBB}.Release|Any CPU.Build.0 = Release|Any CPU
		{C61C6BBD-66AE-4288-8378-3B8A431B8FAA}.Debug|Any CPU.ActiveCfg = Debug|Any CPU
		{C61C6BBD-66AE-4288-8378-3B8A431B8FAA}.Debug|Any CPU.Build.0 = Debug|Any CPU
		{C61C6BBD-66AE-4288-8378-3B8A431B8FAA}.Release|Any CPU.ActiveCfg = Release|Any CPU
		{C61C6BBD-66AE-4288-8378-3B8A431B8FAA}.Release|Any CPU.Build.0 = Release|Any CPU
		{0F65AB37-3987-4A71-9D7E-0DAF52D272EB}.Debug|Any CPU.ActiveCfg = Debug|Any CPU
		{0F65AB37-3987-4A71-9D7E-0DAF52D272EB}.Debug|Any CPU.Build.0 = Debug|Any CPU
		{0F65AB37-3987-4A71-9D7E-0DAF52D272EB}.Release|Any CPU.ActiveCfg = Release|Any CPU
		{0F65AB37-3987-4A71-9D7E-0DAF52D272EB}.Release|Any CPU.Build.0 = Release|Any CPU
	EndGlobalSection
	GlobalSection(SolutionProperties) = preSolution
		HideSolutionNode = FALSE
	EndGlobalSection
	GlobalSection(NestedProjects) = preSolution
		{698EAE25-3BD5-43F0-91CD-BB92F21D689F} = {5654FA78-469E-405E-A9C2-ED8D42C0F092}
		{B11FE8D6-D6A9-4B8F-92F5-37A09D8DB65F} = {5654FA78-469E-405E-A9C2-ED8D42C0F092}
		{41EDEE49-4470-43E3-8EFB-C7F0C3EE6DF7} = {530848E4-0C0E-4CA4-96AE-CA6247B5E576}
		{84E93AEE-117D-4DBB-B836-24E2CD1FD970} = {BF76C6D7-419F-4CC2-902B-D4FC96208F0B}
		{C7DC61EE-4B41-49B9-A132-91E13DF0745F} = {ABD89201-A3F9-4DF7-B370-6021797EA4D8}
		{61EB9054-6B2C-4C31-BF89-13248CE62D5A} = {698EAE25-3BD5-43F0-91CD-BB92F21D689F}
		{3724F80A-72A9-4337-8F4C-3182E2B10C26} = {B11FE8D6-D6A9-4B8F-92F5-37A09D8DB65F}
		{B3656C73-D970-4C98-9457-97FAE5195FF1} = {F2EDF59B-9079-4123-9858-F69835175C20}
		{448D83B2-5E0C-4941-897C-7C607A7B2214} = {B3656C73-D970-4C98-9457-97FAE5195FF1}
		{C5982963-091A-4C4E-80B7-38FF6E33DF1D} = {F2EDF59B-9079-4123-9858-F69835175C20}
		{5AB621E6-4B5E-4F7D-9F3D-8F3B30B9FFBB} = {C5982963-091A-4C4E-80B7-38FF6E33DF1D}
		{C61C6BBD-66AE-4288-8378-3B8A431B8FAA} = {DBB87A54-B4DA-4EA3-9EA3-0B91E60A03C0}
		{79204DB2-4619-4A9E-8888-34DA9F4761CE} = {5654FA78-469E-405E-A9C2-ED8D42C0F092}
		{0F65AB37-3987-4A71-9D7E-0DAF52D272EB} = {79204DB2-4619-4A9E-8888-34DA9F4761CE}
	EndGlobalSection
	GlobalSection(ExtensibilityGlobals) = postSolution
		SolutionGuid = {17B99B0F-57DA-4760-980B-26C6121ED0EE}
	EndGlobalSection
EndGlobal
